
Microsoft Visual Studio Solution File, Format Version 12.00
# Visual Studio Version 17
VisualStudioVersion = 17.2.32616.157
MinimumVisualStudioVersion = 10.0.40219.1
Project("{2150E333-8FDC-42A3-9474-1A3956D46DE8}") = "src", "src", "{A06213B0-3B05-4ECA-8D1E-BFB2765BE342}"
EndProject
Project("{9A19103F-16F7-4668-BE54-9A1E7A4F7556}") = "Soyku.Etherscan.Core", "src\Soyku.Etherscan.Core\Soyku.Etherscan.Core.csproj", "{1627FCBB-5BCC-49AD-9F23-AB187915F5CC}"
EndProject
Project("{9A19103F-16F7-4668-BE54-9A1E7A4F7556}") = "Soyku.Etherscan.WebApi", "src\Soyku.Etherscan.WebApi\Soyku.Etherscan.WebApi.csproj", "{0F961768-8237-4BE9-82D0-B13E3DCB5A23}"
EndProject
Project("{9A19103F-16F7-4668-BE54-9A1E7A4F7556}") = "Soyku.Etherscan.UI", "src\Soyku.Etherscan.UI\Soyku.Etherscan.UI.csproj", "{6FC59754-C722-493A-8B1B-4BD3CD2A0B79}"
EndProject
Project("{2150E333-8FDC-42A3-9474-1A3956D46DE8}") = "About", "About", "{C5FF8479-A9AF-49EE-906E-87AABDB3691D}"
	ProjectSection(SolutionItems) = preProject
		ReadMe.txt = ReadMe.txt
	EndProjectSection
EndProject
Global
	GlobalSection(SolutionConfigurationPlatforms) = preSolution
		Debug|Any CPU = Debug|Any CPU
		Release|Any CPU = Release|Any CPU
	EndGlobalSection
	GlobalSection(ProjectConfigurationPlatforms) = postSolution
		{1627FCBB-5BCC-49AD-9F23-AB187915F5CC}.Debug|Any CPU.ActiveCfg = Debug|Any CPU
		{1627FCBB-5BCC-49AD-9F23-AB187915F5CC}.Debug|Any CPU.Build.0 = Debug|Any CPU
		{1627FCBB-5BCC-49AD-9F23-AB187915F5CC}.Release|Any CPU.ActiveCfg = Release|Any CPU
		{1627FCBB-5BCC-49AD-9F23-AB187915F5CC}.Release|Any CPU.Build.0 = Release|Any CPU
		{0F961768-8237-4BE9-82D0-B13E3DCB5A23}.Debug|Any CPU.ActiveCfg = Debug|Any CPU
		{0F961768-8237-4BE9-82D0-B13E3DCB5A23}.Debug|Any CPU.Build.0 = Debug|Any CPU
		{0F961768-8237-4BE9-82D0-B13E3DCB5A23}.Release|Any CPU.ActiveCfg = Release|Any CPU
		{0F961768-8237-4BE9-82D0-B13E3DCB5A23}.Release|Any CPU.Build.0 = Release|Any CPU
		{6FC59754-C722-493A-8B1B-4BD3CD2A0B79}.Debug|Any CPU.ActiveCfg = Debug|Any CPU
		{6FC59754-C722-493A-8B1B-4BD3CD2A0B79}.Debug|Any CPU.Build.0 = Debug|Any CPU
		{6FC59754-C722-493A-8B1B-4BD3CD2A0B79}.Release|Any CPU.ActiveCfg = Release|Any CPU
		{6FC59754-C722-493A-8B1B-4BD3CD2A0B79}.Release|Any CPU.Build.0 = Release|Any CPU
	EndGlobalSection
	GlobalSection(SolutionProperties) = preSolution
		HideSolutionNode = FALSE
	EndGlobalSection
	GlobalSection(NestedProjects) = preSolution
		{1627FCBB-5BCC-49AD-9F23-AB187915F5CC} = {A06213B0-3B05-4ECA-8D1E-BFB2765BE342}
		{0F961768-8237-4BE9-82D0-B13E3DCB5A23} = {A06213B0-3B05-4ECA-8D1E-BFB2765BE342}
		{6FC59754-C722-493A-8B1B-4BD3CD2A0B79} = {A06213B0-3B05-4ECA-8D1E-BFB2765BE342}
	EndGlobalSection
	GlobalSection(ExtensibilityGlobals) = postSolution
		SolutionGuid = {0533844C-C3E8-44FA-9144-C6BC08959B85}
	EndGlobalSection
EndGlobal
